
Microsoft Visual Studio Solution File, Format Version 12.00
# Visual Studio Version 17
VisualStudioVersion = 17.0.32126.317
MinimumVisualStudioVersion = 10.0.40219.1
Project("{FAE04EC0-301F-11D3-BF4B-00C04F79EFBC}") = "projet2", "projet2\projet2.csproj", "{1AD41021-31C6-4E3C-B2C8-0035F8E9E8F4}"
EndProject
Global
	GlobalSection(SolutionConfigurationPlatforms) = preSolution
		Debug|Any CPU = Debug|Any CPU
		Release|Any CPU = Release|Any CPU
	EndGlobalSection
	GlobalSection(ProjectConfigurationPlatforms) = postSolution
		{1AD41021-31C6-4E3C-B2C8-0035F8E9E8F4}.Debug|Any CPU.ActiveCfg = Debug|Any CPU
		{1AD41021-31C6-4E3C-B2C8-0035F8E9E8F4}.Debug|Any CPU.Build.0 = Debug|Any CPU
		{1AD41021-31C6-4E3C-B2C8-0035F8E9E8F4}.Release|Any CPU.ActiveCfg = Release|Any CPU
		{1AD41021-31C6-4E3C-B2C8-0035F8E9E8F4}.Release|Any CPU.Build.0 = Release|Any CPU
	EndGlobalSection
	GlobalSection(SolutionProperties) = preSolution
		HideSolutionNode = FALSE
	EndGlobalSection
	GlobalSection(ExtensibilityGlobals) = postSolution
		SolutionGuid = {CF934878-401A-4E15-8343-1378B28A3B11}
	EndGlobalSection
EndGlobal
